
Microsoft Visual Studio Solution File, Format Version 12.00
# Visual Studio Version 17
VisualStudioVersion = 17.2.32526.322
MinimumVisualStudioVersion = 10.0.40219.1
Project("{FAE04EC0-301F-11D3-BF4B-00C04F79EFBC}") = "hello_world01", "hello_world01.csproj", "{15C141DA-9092-4145-9D3B-7E73A23F1A9A}"
EndProject
Global
	GlobalSection(SolutionConfigurationPlatforms) = preSolution
		Debug|Any CPU = Debug|Any CPU
		Release|Any CPU = Release|Any CPU
	EndGlobalSection
	GlobalSection(ProjectConfigurationPlatforms) = postSolution
		{15C141DA-9092-4145-9D3B-7E73A23F1A9A}.Debug|Any CPU.ActiveCfg = Debug|Any CPU
		{15C141DA-9092-4145-9D3B-7E73A23F1A9A}.Debug|Any CPU.Build.0 = Debug|Any CPU
		{15C141DA-9092-4145-9D3B-7E73A23F1A9A}.Release|Any CPU.ActiveCfg = Release|Any CPU
		{15C141DA-9092-4145-9D3B-7E73A23F1A9A}.Release|Any CPU.Build.0 = Release|Any CPU
	EndGlobalSection
	GlobalSection(SolutionProperties) = preSolution
		HideSolutionNode = FALSE
	EndGlobalSection
	GlobalSection(ExtensibilityGlobals) = postSolution
		SolutionGuid = {F752D29C-064A-4B16-94CE-22134EEA7D69}
	EndGlobalSection
EndGlobal
